// !$*UTF8*$!
{
	archiveVersion = 1;
	classes = {
	};
	objectVersion = 77;
	objects = {

/* Begin PBXBuildFile section */
		058165C9F8A79A2BC08C395F /* todo-dense-2026.json in Resources */ = {isa = PBXBuildFile; fileRef = 4EE5D4DC4AC75109479AE5BA /* todo-dense-2026.json */; };
		1BEFB4752424952B5E5E611F /* year-display-2026.json in Resources */ = {isa = PBXBuildFile; fileRef = F5729773C32B0EFA7AAFCC84 /* year-display-2026.json */; };
		3B95945CF15D2452A4C9163E /* PhonePagers.swift in Sources */ = {isa = PBXBuildFile; fileRef = 7765505A736E0635097143E4 /* PhonePagers.swift */; };
		445FB58B6613D0CE6604DA8C /* PhoneEventSheet.swift in Sources */ = {isa = PBXBuildFile; fileRef = D66EACD7384594DC76E7671B /* PhoneEventSheet.swift */; };
		4CF1B947759B2107827459F5 /* Assets.xcassets in Resources */ = {isa = PBXBuildFile; fileRef = 37055FE5EA491AC959563A76 /* Assets.xcassets */; };
		5C1B288740E7633B3BFD5F45 /* PhoneCalendarView.swift in Sources */ = {isa = PBXBuildFile; fileRef = 6E3780F4CDCE73F941004528 /* PhoneCalendarView.swift */; };
		63DF6EB40B78FCC870E9CD0F /* CalendarApp_iOS.swift in Sources */ = {isa = PBXBuildFile; fileRef = CB3954F3A2D0C14455D5A9D8 /* CalendarApp_iOS.swift */; };
		66FF4ECB0B0516C56D805C09 /* empty.json in Resources */ = {isa = PBXBuildFile; fileRef = DC09AB93BC0D90C8AC31FFD8 /* empty.json */; };
		761685EE315AC46CDA25472B /* CalendarEngine in Frameworks */ = {isa = PBXBuildFile; productRef = E02EC3E8E7DE7E8F3D6284F0 /* CalendarEngine */; };
		82D7DE2C96E702427C580B11 /* Assets.xcassets in Resources */ = {isa = PBXBuildFile; fileRef = 37055FE5EA491AC959563A76 /* Assets.xcassets */; };
		89D8B5E8C060D92C2D4CC987 /* CalendarEngine in Frameworks */ = {isa = PBXBuildFile; productRef = A76FBA6A75FEE5AB2A140C35 /* CalendarEngine */; };
		C0AF7518A96786E873835B65 /* CalendarUI in Frameworks */ = {isa = PBXBuildFile; productRef = 75C664FA25415A84DEEEE98B /* CalendarUI */; };
		C564D4C404DDA220E768B090 /* CalendarRender in Frameworks */ = {isa = PBXBuildFile; productRef = 5967B479A1E2FEAC3464B2E5 /* CalendarRender */; };
		CAC038DF90EEFA84180DA5B7 /* CalendarApp.swift in Sources */ = {isa = PBXBuildFile; fileRef = 8D23695CB85227304AA1397E /* CalendarApp.swift */; };
		CAC4ABF36AEB7EF351499FC5 /* PhoneMarkdown.swift in Sources */ = {isa = PBXBuildFile; fileRef = 68DD47469E613D4977772E11 /* PhoneMarkdown.swift */; };
		CD5287D71BD48B46891E37D3 /* year-dense-2026.json in Resources */ = {isa = PBXBuildFile; fileRef = 56281C7254A118BB9B6C37BF /* year-dense-2026.json */; };
		D9E1CF5F081D51457C818F44 /* Sparkle in Frameworks */ = {isa = PBXBuildFile; productRef = 5D0057A7F5A522D5C2B2A4CF /* Sparkle */; };
		E8D37545805E6F4F51BD68E5 /* SyncHarnessView.swift in Sources */ = {isa = PBXBuildFile; fileRef = 0D7BA89EFFCB313E8AB4019E /* SyncHarnessView.swift */; };
		FAE10B3B1E0C63F7FA7C338A /* PhoneMenuView.swift in Sources */ = {isa = PBXBuildFile; fileRef = 2C32ED5C564B637A60B33C98 /* PhoneMenuView.swift */; };
/* End PBXBuildFile section */

/* Begin PBXFileReference section */
		0D7BA89EFFCB313E8AB4019E /* SyncHarnessView.swift */ = {isa = PBXFileReference; lastKnownFileType = sourcecode.swift; path = SyncHarnessView.swift; sourceTree = "<group>"; };
		2C32ED5C564B637A60B33C98 /* PhoneMenuView.swift */ = {isa = PBXFileReference; lastKnownFileType = sourcecode.swift; path = PhoneMenuView.swift; sourceTree = "<group>"; };
		37055FE5EA491AC959563A76 /* Assets.xcassets */ = {isa = PBXFileReference; lastKnownFileType = folder.assetcatalog; path = Assets.xcassets; sourceTree = "<group>"; };
		4E3639CD4B532E23F08B37DC /* CalendarPhone.app */ = {isa = PBXFileReference; includeInIndex = 0; lastKnownFileType = wrapper.application; path = CalendarPhone.app; sourceTree = BUILT_PRODUCTS_DIR; };
		4EE5D4DC4AC75109479AE5BA /* todo-dense-2026.json */ = {isa = PBXFileReference; lastKnownFileType = text.json; path = "todo-dense-2026.json"; sourceTree = "<group>"; };
		56281C7254A118BB9B6C37BF /* year-dense-2026.json */ = {isa = PBXFileReference; lastKnownFileType = text.json; path = "year-dense-2026.json"; sourceTree = "<group>"; };
		59ECFAD15ACE6D6DDAB31B6B /* CalendarApp.app */ = {isa = PBXFileReference; explicitFileType = wrapper.application; includeInIndex = 0; path = CalendarApp.app; sourceTree = BUILT_PRODUCTS_DIR; };
		68DD47469E613D4977772E11 /* PhoneMarkdown.swift */ = {isa = PBXFileReference; lastKnownFileType = sourcecode.swift; path = PhoneMarkdown.swift; sourceTree = "<group>"; };
		6E3780F4CDCE73F941004528 /* PhoneCalendarView.swift */ = {isa = PBXFileReference; lastKnownFileType = sourcecode.swift; path = PhoneCalendarView.swift; sourceTree = "<group>"; };
		7765505A736E0635097143E4 /* PhonePagers.swift */ = {isa = PBXFileReference; lastKnownFileType = sourcecode.swift; path = PhonePagers.swift; sourceTree = "<group>"; };
		8D23695CB85227304AA1397E /* CalendarApp.swift */ = {isa = PBXFileReference; lastKnownFileType = sourcecode.swift; path = CalendarApp.swift; sourceTree = "<group>"; };
		8F2F98D995398EA7D52D8975 /* Info.plist */ = {isa = PBXFileReference; lastKnownFileType = text.plist; path = Info.plist; sourceTree = "<group>"; };
		CB3954F3A2D0C14455D5A9D8 /* CalendarApp_iOS.swift */ = {isa = PBXFileReference; lastKnownFileType = sourcecode.swift; path = CalendarApp_iOS.swift; sourceTree = "<group>"; };
		D2C5E9DE5E5E1C622FF7EFB7 /* MagnifiCalKit */ = {isa = PBXFileReference; lastKnownFileType = folder; name = MagnifiCalKit; path = ../MagnifiCalKit; sourceTree = SOURCE_ROOT; };
		D66EACD7384594DC76E7671B /* PhoneEventSheet.swift */ = {isa = PBXFileReference; lastKnownFileType = sourcecode.swift; path = PhoneEventSheet.swift; sourceTree = "<group>"; };
		DC09AB93BC0D90C8AC31FFD8 /* empty.json */ = {isa = PBXFileReference; lastKnownFileType = text.json; path = empty.json; sourceTree = "<group>"; };
		F5729773C32B0EFA7AAFCC84 /* year-display-2026.json */ = {isa = PBXFileReference; lastKnownFileType = text.json; path = "year-display-2026.json"; sourceTree = "<group>"; };
/* End PBXFileReference section */

/* Begin PBXFrameworksBuildPhase section */
		66E3A83FAB075D82734E1D63 /* Frameworks */ = {
			isa = PBXFrameworksBuildPhase;
			buildActionMask = 2147483647;
			files = (
				761685EE315AC46CDA25472B /* CalendarEngine in Frameworks */,
				C564D4C404DDA220E768B090 /* CalendarRender in Frameworks */,
			);
			runOnlyForDeploymentPostprocessing = 0;
		};
		ED3FFAE6BF62E2B08F5A8D35 /* Frameworks */ = {
			isa = PBXFrameworksBuildPhase;
			buildActionMask = 2147483647;
			files = (
				C0AF7518A96786E873835B65 /* CalendarUI in Frameworks */,
				89D8B5E8C060D92C2D4CC987 /* CalendarEngine in Frameworks */,
				D9E1CF5F081D51457C818F44 /* Sparkle in Frameworks */,
			);
			runOnlyForDeploymentPostprocessing = 0;
		};
/* End PBXFrameworksBuildPhase section */

/* Begin PBXGroup section */
		3908950646AA327ED26E33E3 /* Products */ = {
			isa = PBXGroup;
			children = (
				59ECFAD15ACE6D6DDAB31B6B /* CalendarApp.app */,
				4E3639CD4B532E23F08B37DC /* CalendarPhone.app */,
			);
			name = Products;
			sourceTree = "<group>";
		};
		A2746387B01E766659E02CF4 /* bench */ = {
			isa = PBXGroup;
			children = (
				DC09AB93BC0D90C8AC31FFD8 /* empty.json */,
				4EE5D4DC4AC75109479AE5BA /* todo-dense-2026.json */,
				56281C7254A118BB9B6C37BF /* year-dense-2026.json */,
				F5729773C32B0EFA7AAFCC84 /* year-display-2026.json */,
			);
			path = bench;
			sourceTree = "<group>";
		};
		C73A8954967E593392CF61B8 /* iOS */ = {
			isa = PBXGroup;
			children = (
				CB3954F3A2D0C14455D5A9D8 /* CalendarApp_iOS.swift */,
				8F2F98D995398EA7D52D8975 /* Info.plist */,
				6E3780F4CDCE73F941004528 /* PhoneCalendarView.swift */,
				D66EACD7384594DC76E7671B /* PhoneEventSheet.swift */,
				68DD47469E613D4977772E11 /* PhoneMarkdown.swift */,
				2C32ED5C564B637A60B33C98 /* PhoneMenuView.swift */,
				7765505A736E0635097143E4 /* PhonePagers.swift */,
				0D7BA89EFFCB313E8AB4019E /* SyncHarnessView.swift */,
			);
			path = iOS;
			sourceTree = "<group>";
		};
		D1BF5EAF944047ED47759E40 /* Packages */ = {
			isa = PBXGroup;
			children = (
				D2C5E9DE5E5E1C622FF7EFB7 /* MagnifiCalKit */,
			);
			name = Packages;
			sourceTree = "<group>";
		};
		D66105D5ABEEE424AD6F4810 /* Sources */ = {
			isa = PBXGroup;
			children = (
				8D23695CB85227304AA1397E /* CalendarApp.swift */,
			);
			path = Sources;
			sourceTree = "<group>";
		};
		D9255D21CC81E79D12E69140 /* MagnifiCalKit */ = {
			isa = PBXGroup;
			children = (
				A2746387B01E766659E02CF4 /* bench */,
			);
			path = MagnifiCalKit;
			sourceTree = "<group>";
		};
		DBC5BC872B32B8BD4FFA5565 /* native */ = {
			isa = PBXGroup;
			children = (
				D9255D21CC81E79D12E69140 /* MagnifiCalKit */,
			);
			name = native;
			path = ..;
			sourceTree = "<group>";
		};
		E41A996F1A8708F288CB19C3 = {
			isa = PBXGroup;
			children = (
				37055FE5EA491AC959563A76 /* Assets.xcassets */,
				C73A8954967E593392CF61B8 /* iOS */,
				DBC5BC872B32B8BD4FFA5565 /* native */,
				D1BF5EAF944047ED47759E40 /* Packages */,
				D66105D5ABEEE424AD6F4810 /* Sources */,
				3908950646AA327ED26E33E3 /* Products */,
			);
			sourceTree = "<group>";
		};
/* End PBXGroup section */

/* Begin PBXNativeTarget section */
		4626E80F5C1A880F383A1001 /* CalendarApp */ = {
			isa = PBXNativeTarget;
			buildConfigurationList = D76548BE439EA608F4882D36 /* Build configuration list for PBXNativeTarget "CalendarApp" */;
			buildPhases = (
				85B4F75192D8C87068B52181 /* Sources */,
				CBF484862A33475B0C3EDB97 /* Resources */,
				ED3FFAE6BF62E2B08F5A8D35 /* Frameworks */,
			);
			buildRules = (
			);
			dependencies = (
			);
			name = CalendarApp;
			packageProductDependencies = (
				75C664FA25415A84DEEEE98B /* CalendarUI */,
				A76FBA6A75FEE5AB2A140C35 /* CalendarEngine */,
				5D0057A7F5A522D5C2B2A4CF /* Sparkle */,
			);
			productName = CalendarApp;
			productReference = 59ECFAD15ACE6D6DDAB31B6B /* CalendarApp.app */;
			productType = "com.apple.product-type.application";
		};
		AEECD411C32ADB7644ACEB06 /* CalendarPhone */ = {
			isa = PBXNativeTarget;
			buildConfigurationList = 351FD357D5F1C4CFFC4DF6AB /* Build configuration list for PBXNativeTarget "CalendarPhone" */;
			buildPhases = (
				430BFD1D1C19025AEC0A2C1D /* Sources */,
				D968358A738AEFEF6997E4F6 /* Resources */,
				66E3A83FAB075D82734E1D63 /* Frameworks */,
			);
			buildRules = (
			);
			dependencies = (
			);
			name = CalendarPhone;
			packageProductDependencies = (
				E02EC3E8E7DE7E8F3D6284F0 /* CalendarEngine */,
				5967B479A1E2FEAC3464B2E5 /* CalendarRender */,
			);
			productName = CalendarPhone;
			productReference = 4E3639CD4B532E23F08B37DC /* CalendarPhone.app */;
			productType = "com.apple.product-type.application";
		};
/* End PBXNativeTarget section */

/* Begin PBXProject section */
		5F4A804A6202CB9EE5C228DF /* Project object */ = {
			isa = PBXProject;
			attributes = {
				BuildIndependentTargetsInParallel = YES;
				LastUpgradeCheck = 1430;
				TargetAttributes = {
					4626E80F5C1A880F383A1001 = {
						DevelopmentTeam = X84ZG75WAM;
						ProvisioningStyle = Automatic;
					};
					AEECD411C32ADB7644ACEB06 = {
						DevelopmentTeam = X84ZG75WAM;
						ProvisioningStyle = Automatic;
					};
				};
			};
			buildConfigurationList = B0DE948678943EBEEBC1B944 /* Build configuration list for PBXProject "MagnifiCalApp" */;
			developmentRegion = en;
			hasScannedForEncodings = 0;
			knownRegions = (
				Base,
				en,
			);
			mainGroup = E41A996F1A8708F288CB19C3;
			minimizedProjectReferenceProxies = 1;
			packageReferences = (
				7CBEFAA41729EAC1F21B032E /* XCRemoteSwiftPackageReference "Sparkle" */,
				8790E243C6362F193C43774B /* XCLocalSwiftPackageReference "../MagnifiCalKit" */,
			);
			preferredProjectObjectVersion = 77;
			productRefGroup = 3908950646AA327ED26E33E3 /* Products */;
			projectDirPath = "";
			projectRoot = "";
			targets = (
				4626E80F5C1A880F383A1001 /* CalendarApp */,
				AEECD411C32ADB7644ACEB06 /* CalendarPhone */,
			);
		};
/* End PBXProject section */

/* Begin PBXResourcesBuildPhase section */
		CBF484862A33475B0C3EDB97 /* Resources */ = {
			isa = PBXResourcesBuildPhase;
			buildActionMask = 2147483647;
			files = (
				4CF1B947759B2107827459F5 /* Assets.xcassets in Resources */,
			);
			runOnlyForDeploymentPostprocessing = 0;
		};
		D968358A738AEFEF6997E4F6 /* Resources */ = {
			isa = PBXResourcesBuildPhase;
			buildActionMask = 2147483647;
			files = (
				82D7DE2C96E702427C580B11 /* Assets.xcassets in Resources */,
				66FF4ECB0B0516C56D805C09 /* empty.json in Resources */,
				058165C9F8A79A2BC08C395F /* todo-dense-2026.json in Resources */,
				CD5287D71BD48B46891E37D3 /* year-dense-2026.json in Resources */,
				1BEFB4752424952B5E5E611F /* year-display-2026.json in Resources */,
			);
			runOnlyForDeploymentPostprocessing = 0;
		};
/* End PBXResourcesBuildPhase section */

/* Begin PBXSourcesBuildPhase section */
		430BFD1D1C19025AEC0A2C1D /* Sources */ = {
			isa = PBXSourcesBuildPhase;
			buildActionMask = 2147483647;
			files = (
				63DF6EB40B78FCC870E9CD0F /* CalendarApp_iOS.swift in Sources */,
				5C1B288740E7633B3BFD5F45 /* PhoneCalendarView.swift in Sources */,
				445FB58B6613D0CE6604DA8C /* PhoneEventSheet.swift in Sources */,
				CAC4ABF36AEB7EF351499FC5 /* PhoneMarkdown.swift in Sources */,
				FAE10B3B1E0C63F7FA7C338A /* PhoneMenuView.swift in Sources */,
				3B95945CF15D2452A4C9163E /* PhonePagers.swift in Sources */,
				E8D37545805E6F4F51BD68E5 /* SyncHarnessView.swift in Sources */,
			);
			runOnlyForDeploymentPostprocessing = 0;
		};
		85B4F75192D8C87068B52181 /* Sources */ = {
			isa = PBXSourcesBuildPhase;
			buildActionMask = 2147483647;
			files = (
				CAC038DF90EEFA84180DA5B7 /* CalendarApp.swift in Sources */,
			);
			runOnlyForDeploymentPostprocessing = 0;
		};
/* End PBXSourcesBuildPhase section */

/* Begin XCBuildConfiguration section */
		18F5210C736D97603C91A21C /* Release */ = {
			isa = XCBuildConfiguration;
			buildSettings = {
				ASSETCATALOG_COMPILER_APPICON_NAME = AppIcon;
				CODE_SIGN_ENTITLEMENTS = "CalendarApp-iOS-Release.entitlements";
				CODE_SIGN_IDENTITY = "iPhone Developer";
				CODE_SIGN_STYLE = Automatic;
				CURRENT_PROJECT_VERSION = 2;
				DEVELOPMENT_TEAM = X84ZG75WAM;
				ENABLE_USER_SCRIPT_SANDBOXING = NO;
				INFOPLIST_FILE = iOS/Info.plist;
				IPHONEOS_DEPLOYMENT_TARGET = 26.0;
				LD_RUNPATH_SEARCH_PATHS = (
					"$(inherited)",
					"@executable_path/Frameworks",
				);
				MARKETING_VERSION = 0.2.0;
				PRODUCT_BUNDLE_IDENTIFIER = dev.magnifical.calendar;
				PRODUCT_NAME = MagnifiCal;
				SDKROOT = iphoneos;
				TARGETED_DEVICE_FAMILY = "1,2";
			};
			name = Release;
		};
		27D897614E99EFCF1410E7F4 /* Debug */ = {
			isa = XCBuildConfiguration;
			buildSettings = {
				ALWAYS_SEARCH_USER_PATHS = NO;
				CLANG_ANALYZER_NONNULL = YES;
				CLANG_ANALYZER_NUMBER_OBJECT_CONVERSION = YES_AGGRESSIVE;
				CLANG_CXX_LANGUAGE_STANDARD = "gnu++14";
				CLANG_CXX_LIBRARY = "libc++";
				CLANG_ENABLE_MODULES = YES;
				CLANG_ENABLE_OBJC_ARC = YES;
				CLANG_ENABLE_OBJC_WEAK = YES;
				CLANG_WARN_BLOCK_CAPTURE_AUTORELEASING = YES;
				CLANG_WARN_BOOL_CONVERSION = YES;
				CLANG_WARN_COMMA = YES;
				CLANG_WARN_CONSTANT_CONVERSION = YES;
				CLANG_WARN_DEPRECATED_OBJC_IMPLEMENTATIONS = YES;
				CLANG_WARN_DIRECT_OBJC_ISA_USAGE = YES_ERROR;
				CLANG_WARN_DOCUMENTATION_COMMENTS = YES;
				CLANG_WARN_EMPTY_BODY = YES;
				CLANG_WARN_ENUM_CONVERSION = YES;
				CLANG_WARN_INFINITE_RECURSION = YES;
				CLANG_WARN_INT_CONVERSION = YES;
				CLANG_WARN_NON_LITERAL_NULL_CONVERSION = YES;
				CLANG_WARN_OBJC_IMPLICIT_RETAIN_SELF = YES;
				CLANG_WARN_OBJC_LITERAL_CONVERSION = YES;
				CLANG_WARN_OBJC_ROOT_CLASS = YES_ERROR;
				CLANG_WARN_QUOTED_INCLUDE_IN_FRAMEWORK_HEADER = YES;
				CLANG_WARN_RANGE_LOOP_ANALYSIS = YES;
				CLANG_WARN_STRICT_PROTOTYPES = YES;
				CLANG_WARN_SUSPICIOUS_MOVE = YES;
				CLANG_WARN_UNGUARDED_AVAILABILITY = YES_AGGRESSIVE;
				CLANG_WARN_UNREACHABLE_CODE = YES;
				CLANG_WARN__DUPLICATE_METHOD_MATCH = YES;
				COPY_PHASE_STRIP = NO;
				DEBUG_INFORMATION_FORMAT = dwarf;
				ENABLE_STRICT_OBJC_MSGSEND = YES;
				ENABLE_TESTABILITY = YES;
				GCC_C_LANGUAGE_STANDARD = gnu11;
				GCC_DYNAMIC_NO_PIC = NO;
				GCC_NO_COMMON_BLOCKS = YES;
				GCC_OPTIMIZATION_LEVEL = 0;
				GCC_PREPROCESSOR_DEFINITIONS = (
					"$(inherited)",
					"DEBUG=1",
				);
				GCC_WARN_64_TO_32_BIT_CONVERSION = YES;
				GCC_WARN_ABOUT_RETURN_TYPE = YES_ERROR;
				GCC_WARN_UNDECLARED_SELECTOR = YES;
				GCC_WARN_UNINITIALIZED_AUTOS = YES_AGGRESSIVE;
				GCC_WARN_UNUSED_FUNCTION = YES;
				GCC_WARN_UNUSED_VARIABLE = YES;
				IPHONEOS_DEPLOYMENT_TARGET = 26.0;
				MACOSX_DEPLOYMENT_TARGET = 15.0;
				MTL_ENABLE_DEBUG_INFO = INCLUDE_SOURCE;
				MTL_FAST_MATH = YES;
				ONLY_ACTIVE_ARCH = YES;
				PRODUCT_NAME = "$(TARGET_NAME)";
				SWIFT_ACTIVE_COMPILATION_CONDITIONS = DEBUG;
				SWIFT_OPTIMIZATION_LEVEL = "-Onone";
				SWIFT_VERSION = 5.0;
			};
			name = Debug;
		};
		BF7CBDCBE7F397D439C213FE /* Debug */ = {
			isa = XCBuildConfiguration;
			buildSettings = {
				ASSETCATALOG_COMPILER_APPICON_NAME = AppIcon;
				CODE_SIGN_ENTITLEMENTS = CalendarApp.entitlements;
				CODE_SIGN_STYLE = Automatic;
				COMBINE_HIDPI_IMAGES = YES;
				CURRENT_PROJECT_VERSION = 2;
				DEVELOPMENT_TEAM = X84ZG75WAM;
				ENABLE_HARDENED_RUNTIME = YES;
				ENABLE_USER_SCRIPT_SANDBOXING = NO;
				GENERATE_INFOPLIST_FILE = YES;
				INFOPLIST_FILE = "Info-macOS.plist";
				INFOPLIST_KEY_CFBundleDisplayName = MagnifiCal;
				INFOPLIST_KEY_LSApplicationCategoryType = "public.app-category.productivity";
				INFOPLIST_KEY_NSCalendarsFullAccessUsageDescription = "MagnifiCal reads your Apple Calendar events so it can show them alongside your MagnifiCal calendar.";
				INFOPLIST_KEY_NSCalendarsUsageDescription = "MagnifiCal reads your Apple Calendar events so it can show them alongside your MagnifiCal calendar.";
				LD_RUNPATH_SEARCH_PATHS = (
					"$(inherited)",
					"@executable_path/../Frameworks",
				);
				MACOSX_DEPLOYMENT_TARGET = 15.0;
				MARKETING_VERSION = 0.2.0;
				PRODUCT_BUNDLE_IDENTIFIER = dev.magnifical.calendar;
				PRODUCT_NAME = MagnifiCal;
				SDKROOT = macosx;
				SWIFT_VERSION = 5.0;
			};
			name = Debug;
		};
		C58A190718EE2F61E07EE2B6 /* Release */ = {
			isa = XCBuildConfiguration;
			buildSettings = {
				ALWAYS_SEARCH_USER_PATHS = NO;
				CLANG_ANALYZER_NONNULL = YES;
				CLANG_ANALYZER_NUMBER_OBJECT_CONVERSION = YES_AGGRESSIVE;
				CLANG_CXX_LANGUAGE_STANDARD = "gnu++14";
				CLANG_CXX_LIBRARY = "libc++";
				CLANG_ENABLE_MODULES = YES;
				CLANG_ENABLE_OBJC_ARC = YES;
				CLANG_ENABLE_OBJC_WEAK = YES;
				CLANG_WARN_BLOCK_CAPTURE_AUTORELEASING = YES;
				CLANG_WARN_BOOL_CONVERSION = YES;
				CLANG_WARN_COMMA = YES;
				CLANG_WARN_CONSTANT_CONVERSION = YES;
				CLANG_WARN_DEPRECATED_OBJC_IMPLEMENTATIONS = YES;
				CLANG_WARN_DIRECT_OBJC_ISA_USAGE = YES_ERROR;
				CLANG_WARN_DOCUMENTATION_COMMENTS = YES;
				CLANG_WARN_EMPTY_BODY = YES;
				CLANG_WARN_ENUM_CONVERSION = YES;
				CLANG_WARN_INFINITE_RECURSION = YES;
				CLANG_WARN_INT_CONVERSION = YES;
				CLANG_WARN_NON_LITERAL_NULL_CONVERSION = YES;
				CLANG_WARN_OBJC_IMPLICIT_RETAIN_SELF = YES;
				CLANG_WARN_OBJC_LITERAL_CONVERSION = YES;
				CLANG_WARN_OBJC_ROOT_CLASS = YES_ERROR;
				CLANG_WARN_QUOTED_INCLUDE_IN_FRAMEWORK_HEADER = YES;
				CLANG_WARN_RANGE_LOOP_ANALYSIS = YES;
				CLANG_WARN_STRICT_PROTOTYPES = YES;
				CLANG_WARN_SUSPICIOUS_MOVE = YES;
				CLANG_WARN_UNGUARDED_AVAILABILITY = YES_AGGRESSIVE;
				CLANG_WARN_UNREACHABLE_CODE = YES;
				CLANG_WARN__DUPLICATE_METHOD_MATCH = YES;
				COPY_PHASE_STRIP = NO;
				DEBUG_INFORMATION_FORMAT = "dwarf-with-dsym";
				ENABLE_NS_ASSERTIONS = NO;
				ENABLE_STRICT_OBJC_MSGSEND = YES;
				GCC_C_LANGUAGE_STANDARD = gnu11;
				GCC_NO_COMMON_BLOCKS = YES;
				GCC_WARN_64_TO_32_BIT_CONVERSION = YES;
				GCC_WARN_ABOUT_RETURN_TYPE = YES_ERROR;
				GCC_WARN_UNDECLARED_SELECTOR = YES;
				GCC_WARN_UNINITIALIZED_AUTOS = YES_AGGRESSIVE;
				GCC_WARN_UNUSED_FUNCTION = YES;
				GCC_WARN_UNUSED_VARIABLE = YES;
				IPHONEOS_DEPLOYMENT_TARGET = 26.0;
				MACOSX_DEPLOYMENT_TARGET = 15.0;
				MTL_ENABLE_DEBUG_INFO = NO;
				MTL_FAST_MATH = YES;
				PRODUCT_NAME = "$(TARGET_NAME)";
				SWIFT_COMPILATION_MODE = wholemodule;
				SWIFT_OPTIMIZATION_LEVEL = "-O";
				SWIFT_VERSION = 5.0;
			};
			name = Release;
		};
		E3E4B3FA05066C9FE0FA9652 /* Release */ = {
			isa = XCBuildConfiguration;
			buildSettings = {
				ASSETCATALOG_COMPILER_APPICON_NAME = AppIcon;
				CODE_SIGN_ENTITLEMENTS = "CalendarApp-Release.entitlements";
				CODE_SIGN_STYLE = Automatic;
				COMBINE_HIDPI_IMAGES = YES;
				CURRENT_PROJECT_VERSION = 2;
				DEVELOPMENT_TEAM = X84ZG75WAM;
				ENABLE_HARDENED_RUNTIME = YES;
				ENABLE_USER_SCRIPT_SANDBOXING = NO;
				GENERATE_INFOPLIST_FILE = YES;
				INFOPLIST_FILE = "Info-macOS.plist";
				INFOPLIST_KEY_CFBundleDisplayName = MagnifiCal;
				INFOPLIST_KEY_LSApplicationCategoryType = "public.app-category.productivity";
				INFOPLIST_KEY_NSCalendarsFullAccessUsageDescription = "MagnifiCal reads your Apple Calendar events so it can show them alongside your MagnifiCal calendar.";
				INFOPLIST_KEY_NSCalendarsUsageDescription = "MagnifiCal reads your Apple Calendar events so it can show them alongside your MagnifiCal calendar.";
				LD_RUNPATH_SEARCH_PATHS = (
					"$(inherited)",
					"@executable_path/../Frameworks",
				);
				MACOSX_DEPLOYMENT_TARGET = 15.0;
				MARKETING_VERSION = 0.2.0;
				PRODUCT_BUNDLE_IDENTIFIER = dev.magnifical.calendar;
				PRODUCT_NAME = MagnifiCal;
				SDKROOT = macosx;
				SWIFT_VERSION = 5.0;
			};
			name = Release;
		};
		EBBCF4817A45D8ABE42AA4BA /* Debug */ = {
			isa = XCBuildConfiguration;
			buildSettings = {
				ASSETCATALOG_COMPILER_APPICON_NAME = AppIcon;
				CODE_SIGN_ENTITLEMENTS = "CalendarApp-iOS.entitlements";
				CODE_SIGN_IDENTITY = "iPhone Developer";
				CODE_SIGN_STYLE = Automatic;
				CURRENT_PROJECT_VERSION = 2;
				DEVELOPMENT_TEAM = X84ZG75WAM;
				ENABLE_USER_SCRIPT_SANDBOXING = NO;
				INFOPLIST_FILE = iOS/Info.plist;
				IPHONEOS_DEPLOYMENT_TARGET = 26.0;
				LD_RUNPATH_SEARCH_PATHS = (
					"$(inherited)",
					"@executable_path/Frameworks",
				);
				MARKETING_VERSION = 0.2.0;
				PRODUCT_BUNDLE_IDENTIFIER = dev.magnifical.calendar;
				PRODUCT_NAME = MagnifiCal;
				SDKROOT = iphoneos;
				TARGETED_DEVICE_FAMILY = "1,2";
			};
			name = Debug;
		};
/* End XCBuildConfiguration section */

/* Begin XCConfigurationList section */
		351FD357D5F1C4CFFC4DF6AB /* Build configuration list for PBXNativeTarget "CalendarPhone" */ = {
			isa = XCConfigurationList;
			buildConfigurations = (
				EBBCF4817A45D8ABE42AA4BA /* Debug */,
				18F5210C736D97603C91A21C /* Release */,
			);
			defaultConfigurationIsVisible = 0;
			defaultConfigurationName = Debug;
		};
		B0DE948678943EBEEBC1B944 /* Build configuration list for PBXProject "MagnifiCalApp" */ = {
			isa = XCConfigurationList;
			buildConfigurations = (
				27D897614E99EFCF1410E7F4 /* Debug */,
				C58A190718EE2F61E07EE2B6 /* Release */,
			);
			defaultConfigurationIsVisible = 0;
			defaultConfigurationName = Debug;
		};
		D76548BE439EA608F4882D36 /* Build configuration list for PBXNativeTarget "CalendarApp" */ = {
			isa = XCConfigurationList;
			buildConfigurations = (
				BF7CBDCBE7F397D439C213FE /* Debug */,
				E3E4B3FA05066C9FE0FA9652 /* Release */,
			);
			defaultConfigurationIsVisible = 0;
			defaultConfigurationName = Debug;
		};
/* End XCConfigurationList section */

/* Begin XCLocalSwiftPackageReference section */
		8790E243C6362F193C43774B /* XCLocalSwiftPackageReference "../MagnifiCalKit" */ = {
			isa = XCLocalSwiftPackageReference;
			relativePath = ../MagnifiCalKit;
		};
/* End XCLocalSwiftPackageReference section */

/* Begin XCRemoteSwiftPackageReference section */
		7CBEFAA41729EAC1F21B032E /* XCRemoteSwiftPackageReference "Sparkle" */ = {
			isa = XCRemoteSwiftPackageReference;
			repositoryURL = "https://github.com/sparkle-project/Sparkle";
			requirement = {
				kind = upToNextMajorVersion;
				minimumVersion = 2.0.0;
			};
		};
/* End XCRemoteSwiftPackageReference section */

/* Begin XCSwiftPackageProductDependency section */
		5967B479A1E2FEAC3464B2E5 /* CalendarRender */ = {
			isa = XCSwiftPackageProductDependency;
			productName = CalendarRender;
		};
		5D0057A7F5A522D5C2B2A4CF /* Sparkle */ = {
			isa = XCSwiftPackageProductDependency;
			package = 7CBEFAA41729EAC1F21B032E /* XCRemoteSwiftPackageReference "Sparkle" */;
			productName = Sparkle;
		};
		75C664FA25415A84DEEEE98B /* CalendarUI */ = {
			isa = XCSwiftPackageProductDependency;
			productName = CalendarUI;
		};
		A76FBA6A75FEE5AB2A140C35 /* CalendarEngine */ = {
			isa = XCSwiftPackageProductDependency;
			productName = CalendarEngine;
		};
		E02EC3E8E7DE7E8F3D6284F0 /* CalendarEngine */ = {
			isa = XCSwiftPackageProductDependency;
			productName = CalendarEngine;
		};
/* End XCSwiftPackageProductDependency section */
	};
	rootObject = 5F4A804A6202CB9EE5C228DF /* Project object */;
}
